// !$*UTF8*$!
{
	archiveVersion = 1;
	classes = {
	};
	objectVersion = 50;
	objects = {

/* Begin PBXBuildFile section */
		1CBD571825CC9A3500241E92 /* AppDelegate.swift in Sources */ = {isa = PBXBuildFile; fileRef = 1CBD571725CC9A3500241E92 /* AppDelegate.swift */; };
		1CBD571A25CC9A3500241E92 /* SceneDelegate.swift in Sources */ = {isa = PBXBuildFile; fileRef = 1CBD571925CC9A3500241E92 /* SceneDelegate.swift */; };
		1CBD571C25CC9A3500241E92 /* ViewController.swift in Sources */ = {isa = PBXBuildFile; fileRef = 1CBD571B25CC9A3500241E92 /* ViewController.swift */; };
		1CBD571F25CC9A3500241E92 /* Main.storyboard in Resources */ = {isa = PBXBuildFile; fileRef = 1CBD571D25CC9A3500241E92 /* Main.storyboard */; };
		1CBD572125CC9A3600241E92 /* Assets.xcassets in Resources */ = {isa = PBXBuildFile; fileRef = 1CBD572025CC9A3600241E92 /* Assets.xcassets */; };
		1CBD572425CC9A3600241E92 /* LaunchScreen.storyboard in Resources */ = {isa = PBXBuildFile; fileRef = 1CBD572225CC9A3600241E92 /* LaunchScreen.storyboard */; };
		1CBD572F25CC9A3600241E92 /* Pre_workTests.swift in Sources */ = {isa = PBXBuildFile; fileRef = 1CBD572E25CC9A3600241E92 /* Pre_workTests.swift */; };
		1CBD573A25CC9A3600241E92 /* Pre_workUITests.swift in Sources */ = {isa = PBXBuildFile; fileRef = 1CBD573925CC9A3600241E92 /* Pre_workUITests.swift */; };
/* End PBXBuildFile section */

/* Begin PBXContainerItemProxy section */
		1CBD572B25CC9A3600241E92 /* PBXContainerItemProxy */ = {
			isa = PBXContainerItemProxy;
			containerPortal = 1CBD570C25CC9A3500241E92 /* Project object */;
			proxyType = 1;
			remoteGlobalIDString = 1CBD571325CC9A3500241E92;
			remoteInfo = "Pre-work";
		};
		1CBD573625CC9A3600241E92 /* PBXContainerItemProxy */ = {
			isa = PBXContainerItemProxy;
			containerPortal = 1CBD570C25CC9A3500241E92 /* Project object */;
			proxyType = 1;
			remoteGlobalIDString = 1CBD571325CC9A3500241E92;
			remoteInfo = "Pre-work";
		};
/* End PBXContainerItemProxy section */

/* Begin PBXFileReference section */
		1CBD571425CC9A3500241E92 /* Pre-work.app */ = {isa = PBXFileReference; explicitFileType = wrapper.application; includeInIndex = 0; path = "Pre-work.app"; sourceTree = BUILT_PRODUCTS_DIR; };
		1CBD571725CC9A3500241E92 /* AppDelegate.swift */ = {isa = PBXFileReference; lastKnownFileType = sourcecode.swift; path = AppDelegate.swift; sourceTree = "<group>"; };
		1CBD571925CC9A3500241E92 /* SceneDelegate.swift */ = {isa = PBXFileReference; lastKnownFileType = sourcecode.swift; path = SceneDelegate.swift; sourceTree = "<group>"; };
		1CBD571B25CC9A3500241E92 /* ViewController.swift */ = {isa = PBXFileReference; lastKnownFileType = sourcecode.swift; path = ViewController.swift; sourceTree = "<group>"; };
		1CBD571E25CC9A3500241E92 /* Base */ = {isa = PBXFileReference; lastKnownFileType = file.storyboard; name = Base; path = Base.lproj/Main.storyboard; sourceTree = "<group>"; };
		1CBD572025CC9A3600241E92 /* Assets.xcassets */ = {isa = PBXFileReference; lastKnownFileType = folder.assetcatalog; path = Assets.xcassets; sourceTree = "<group>"; };
		1CBD572325CC9A3600241E92 /* Base */ = {isa = PBXFileReference; lastKnownFileType = file.storyboard; name = Base; path = Base.lproj/LaunchScreen.storyboard; sourceTree = "<group>"; };
		1CBD572525CC9A3600241E92 /* Info.plist */ = {isa = PBXFileReference; lastKnownFileType = text.plist.xml; path = Info.plist; sourceTree = "<group>"; };
		1CBD572A25CC9A3600241E92 /* Pre-workTests.xctest */ = {isa = PBXFileReference; explicitFileType = wrapper.cfbundle; includeInIndex = 0; path = "Pre-workTests.xctest"; sourceTree = BUILT_PRODUCTS_DIR; };
		1CBD572E25CC9A3600241E92 /* Pre_workTests.swift */ = {isa = PBXFileReference; lastKnownFileType = sourcecode.swift; path = Pre_workTests.swift; sourceTree = "<group>"; };
		1CBD573025CC9A3600241E92 /* Info.plist */ = {isa = PBXFileReference; lastKnownFileType = text.plist.xml; path = Info.plist; sourceTree = "<group>"; };
		1CBD573525CC9A3600241E92 /* Pre-workUITests.xctest */ = {isa = PBXFileReference; explicitFileType = wrapper.cfbundle; includeInIndex = 0; path = "Pre-workUITests.xctest"; sourceTree = BUILT_PRODUCTS_DIR; };
		1CBD573925CC9A3600241E92 /* Pre_workUITests.swift */ = {isa = PBXFileReference; lastKnownFileType = sourcecode.swift; path = Pre_workUITests.swift; sourceTree = "<group>"; };
		1CBD573B25CC9A3600241E92 /* Info.plist */ = {isa = PBXFileReference; lastKnownFileType = text.plist.xml; path = Info.plist; sourceTree = "<group>"; };
/* End PBXFileReference section */

/* Begin PBXFrameworksBuildPhase section */
		1CBD571125CC9A3500241E92 /* Frameworks */ = {
			isa = PBXFrameworksBuildPhase;
			buildActionMask = 2147483647;
			files = (
			);
			runOnlyForDeploymentPostprocessing = 0;
		};
		1CBD572725CC9A3600241E92 /* Frameworks */ = {
			isa = PBXFrameworksBuildPhase;
			buildActionMask = 2147483647;
			files = (
			);
			runOnlyForDeploymentPostprocessing = 0;
		};
		1CBD573225CC9A3600241E92 /* Frameworks */ = {
			isa = PBXFrameworksBuildPhase;
			buildActionMask = 2147483647;
			files = (
			);
			runOnlyForDeploymentPostprocessing = 0;
		};
/* End PBXFrameworksBuildPhase section */

/* Begin PBXGroup section */
		1CBD570B25CC9A3500241E92 = {
			isa = PBXGroup;
			children = (
				1CBD571625CC9A3500241E92 /* Pre-work */,
				1CBD572D25CC9A3600241E92 /* Pre-workTests */,
				1CBD573825CC9A3600241E92 /* Pre-workUITests */,
				1CBD571525CC9A3500241E92 /* Products */,
			);
			sourceTree = "<group>";
		};
		1CBD571525CC9A3500241E92 /* Products */ = {
			isa = PBXGroup;
			children = (
				1CBD571425CC9A3500241E92 /* Pre-work.app */,
				1CBD572A25CC9A3600241E92 /* Pre-workTests.xctest */,
				1CBD573525CC9A3600241E92 /* Pre-workUITests.xctest */,
			);
			name = Products;
			sourceTree = "<group>";
		};
		1CBD571625CC9A3500241E92 /* Pre-work */ = {
			isa = PBXGroup;
			children = (
				1CBD571725CC9A3500241E92 /* AppDelegate.swift */,
				1CBD571925CC9A3500241E92 /* SceneDelegate.swift */,
				1CBD571B25CC9A3500241E92 /* ViewController.swift */,
				1CBD571D25CC9A3500241E92 /* Main.storyboard */,
				1CBD572025CC9A3600241E92 /* Assets.xcassets */,
				1CBD572225CC9A3600241E92 /* LaunchScreen.storyboard */,
				1CBD572525CC9A3600241E92 /* Info.plist */,
			);
			path = "Pre-work";
			sourceTree = "<group>";
		};
		1CBD572D25CC9A3600241E92 /* Pre-workTests */ = {
			isa = PBXGroup;
			children = (
				1CBD572E25CC9A3600241E92 /* Pre_workTests.swift */,
				1CBD573025CC9A3600241E92 /* Info.plist */,
			);
			path = "Pre-workTests";
			sourceTree = "<group>";
		};
		1CBD573825CC9A3600241E92 /* Pre-workUITests */ = {
			isa = PBXGroup;
			children = (
				1CBD573925CC9A3600241E92 /* Pre_workUITests.swift */,
				1CBD573B25CC9A3600241E92 /* Info.plist */,
			);
			path = "Pre-workUITests";
			sourceTree = "<group>";
		};
/* End PBXGroup section */

/* Begin PBXNativeTarget section */
		1CBD571325CC9A3500241E92 /* Pre-work */ = {
			isa = PBXNativeTarget;
			buildConfigurationList = 1CBD573E25CC9A3600241E92 /* Build configuration list for PBXNativeTarget "Pre-work" */;
			buildPhases = (
				1CBD571025CC9A3500241E92 /* Sources */,
				1CBD571125CC9A3500241E92 /* Frameworks */,
				1CBD571225CC9A3500241E92 /* Resources */,
			);
			buildRules = (
			);
			dependencies = (
			);
			name = "Pre-work";
			productName = "Pre-work";
			productReference = 1CBD571425CC9A3500241E92 /* Pre-work.app */;
			productType = "com.apple.product-type.application";
		};
		1CBD572925CC9A3600241E92 /* Pre-workTests */ = {
			isa = PBXNativeTarget;
			buildConfigurationList = 1CBD574125CC9A3600241E92 /* Build configuration list for PBXNativeTarget "Pre-workTests" */;
			buildPhases = (
				1CBD572625CC9A3600241E92 /* Sources */,
				1CBD572725CC9A3600241E92 /* Frameworks */,
				1CBD572825CC9A3600241E92 /* Resources */,
			);
			buildRules = (
			);
			dependencies = (
				1CBD572C25CC9A3600241E92 /* PBXTargetDependency */,
			);
			name = "Pre-workTests";
			productName = "Pre-workTests";
			productReference = 1CBD572A25CC9A3600241E92 /* Pre-workTests.xctest */;
			productType = "com.apple.product-type.bundle.unit-test";
		};
		1CBD573425CC9A3600241E92 /* Pre-workUITests */ = {
			isa = PBXNativeTarget;
			buildConfigurationList = 1CBD574425CC9A3600241E92 /* Build configuration list for PBXNativeTarget "Pre-workUITests" */;
			buildPhases = (
				1CBD573125CC9A3600241E92 /* Sources */,
				1CBD573225CC9A3600241E92 /* Frameworks */,
				1CBD573325CC9A3600241E92 /* Resources */,
			);
			buildRules = (
			);
			dependencies = (
				1CBD573725CC9A3600241E92 /* PBXTargetDependency */,
			);
			name = "Pre-workUITests";
			productName = "Pre-workUITests";
			productReference = 1CBD573525CC9A3600241E92 /* Pre-workUITests.xctest */;
			productType = "com.apple.product-type.bundle.ui-testing";
		};
/* End PBXNativeTarget section */

/* Begin PBXProject section */
		1CBD570C25CC9A3500241E92 /* Project object */ = {
			isa = PBXProject;
			attributes = {
				LastSwiftUpdateCheck = 1240;
				LastUpgradeCheck = 1240;
				TargetAttributes = {
					1CBD571325CC9A3500241E92 = {
						CreatedOnToolsVersion = 12.4;
					};
					1CBD572925CC9A3600241E92 = {
						CreatedOnToolsVersion = 12.4;
						TestTargetID = 1CBD571325CC9A3500241E92;
					};
					1CBD573425CC9A3600241E92 = {
						CreatedOnToolsVersion = 12.4;
						TestTargetID = 1CBD571325CC9A3500241E92;
					};
				};
			};
			buildConfigurationList = 1CBD570F25CC9A3500241E92 /* Build configuration list for PBXProject "Pre-work" */;
			compatibilityVersion = "Xcode 9.3";
			developmentRegion = en;
			hasScannedForEncodings = 0;
			knownRegions = (
				en,
				Base,
			);
			mainGroup = 1CBD570B25CC9A3500241E92;
			productRefGroup = 1CBD571525CC9A3500241E92 /* Products */;
			projectDirPath = "";
			projectRoot = "";
			targets = (
				1CBD571325CC9A3500241E92 /* Pre-work */,
				1CBD572925CC9A3600241E92 /* Pre-workTests */,
				1CBD573425CC9A3600241E92 /* Pre-workUITests */,
			);
		};
/* End PBXProject section */

/* Begin PBXResourcesBuildPhase section */
		1CBD571225CC9A3500241E92 /* Resources */ = {
			isa = PBXResourcesBuildPhase;
			buildActionMask = 2147483647;
			files = (
				1CBD572425CC9A3600241E92 /* LaunchScreen.storyboard in Resources */,
				1CBD572125CC9A3600241E92 /* Assets.xcassets in Resources */,
				1CBD571F25CC9A3500241E92 /* Main.storyboard in Resources */,
			);
			runOnlyForDeploymentPostprocessing = 0;
		};
		1CBD572825CC9A3600241E92 /* Resources */ = {
			isa = PBXResourcesBuildPhase;
			buildActionMask = 2147483647;
			files = (
			);
			runOnlyForDeploymentPostprocessing = 0;
		};
		1CBD573325CC9A3600241E92 /* Resources */ = {
			isa = PBXResourcesBuildPhase;
			buildActionMask = 2147483647;
			files = (
			);
			runOnlyForDeploymentPostprocessing = 0;
		};
/* End PBXResourcesBuildPhase section */

/* Begin PBXSourcesBuildPhase section */
		1CBD571025CC9A3500241E92 /* Sources */ = {
			isa = PBXSourcesBuildPhase;
			buildActionMask = 2147483647;
			files = (
				1CBD571C25CC9A3500241E92 /* ViewController.swift in Sources */,
				1CBD571825CC9A3500241E92 /* AppDelegate.swift in Sources */,
				1CBD571A25CC9A3500241E92 /* SceneDelegate.swift in Sources */,
			);
			runOnlyForDeploymentPostprocessing = 0;
		};
		1CBD572625CC9A3600241E92 /* Sources */ = {
			isa = PBXSourcesBuildPhase;
			buildActionMask = 2147483647;
			files = (
				1CBD572F25CC9A3600241E92 /* Pre_workTests.swift in Sources */,
			);
			runOnlyForDeploymentPostprocessing = 0;
		};
		1CBD573125CC9A3600241E92 /* Sources */ = {
			isa = PBXSourcesBuildPhase;
			buildActionMask = 2147483647;
			files = (
				1CBD573A25CC9A3600241E92 /* Pre_workUITests.swift in Sources */,
			);
			runOnlyForDeploymentPostprocessing = 0;
		};
/* End PBXSourcesBuildPhase section */

/* Begin PBXTargetDependency section */
		1CBD572C25CC9A3600241E92 /* PBXTargetDependency */ = {
			isa = PBXTargetDependency;
			target = 1CBD571325CC9A3500241E92 /* Pre-work */;
			targetProxy = 1CBD572B25CC9A3600241E92 /* PBXContainerItemProxy */;
		};
		1CBD573725CC9A3600241E92 /* PBXTargetDependency */ = {
			isa = PBXTargetDependency;
			target = 1CBD571325CC9A3500241E92 /* Pre-work */;
			targetProxy = 1CBD573625CC9A3600241E92 /* PBXContainerItemProxy */;
		};
/* End PBXTargetDependency section */

/* Begin PBXVariantGroup section */
		1CBD571D25CC9A3500241E92 /* Main.storyboard */ = {
			isa = PBXVariantGroup;
			children = (
				1CBD571E25CC9A3500241E92 /* Base */,
			);
			name = Main.storyboard;
			sourceTree = "<group>";
		};
		1CBD572225CC9A3600241E92 /* LaunchScreen.storyboard */ = {
			isa = PBXVariantGroup;
			children = (
				1CBD572325CC9A3600241E92 /* Base */,
			);
			name = LaunchScreen.storyboard;
			sourceTree = "<group>";
		};
/* End PBXVariantGroup section */

/* Begin XCBuildConfiguration section */
		1CBD573C25CC9A3600241E92 /* Debug */ = {
			isa = XCBuildConfiguration;
			buildSettings = {
				ALWAYS_SEARCH_USER_PATHS = NO;
				CLANG_ANALYZER_NONNULL = YES;
				CLANG_ANALYZER_NUMBER_OBJECT_CONVERSION = YES_AGGRESSIVE;
				CLANG_CXX_LANGUAGE_STANDARD = "gnu++14";
				CLANG_CXX_LIBRARY = "libc++";
				CLANG_ENABLE_MODULES = YES;
				CLANG_ENABLE_OBJC_ARC = YES;
				CLANG_ENABLE_OBJC_WEAK = YES;
				CLANG_WARN_BLOCK_CAPTURE_AUTORELEASING = YES;
				CLANG_WARN_BOOL_CONVERSION = YES;
				CLANG_WARN_COMMA = YES;
				CLANG_WARN_CONSTANT_CONVERSION = YES;
				CLANG_WARN_DEPRECATED_OBJC_IMPLEMENTATIONS = YES;
				CLANG_WARN_DIRECT_OBJC_ISA_USAGE = YES_ERROR;
				CLANG_WARN_DOCUMENTATION_COMMENTS = YES;
				CLANG_WARN_EMPTY_BODY = YES;
				CLANG_WARN_ENUM_CONVERSION = YES;
				CLANG_WARN_INFINITE_RECURSION = YES;
				CLANG_WARN_INT_CONVERSION = YES;
				CLANG_WARN_NON_LITERAL_NULL_CONVERSION = YES;
				CLANG_WARN_OBJC_IMPLICIT_RETAIN_SELF = YES;
				CLANG_WARN_OBJC_LITERAL_CONVERSION = YES;
				CLANG_WARN_OBJC_ROOT_CLASS = YES_ERROR;
				CLANG_WARN_QUOTED_INCLUDE_IN_FRAMEWORK_HEADER = YES;
				CLANG_WARN_RANGE_LOOP_ANALYSIS = YES;
				CLANG_WARN_STRICT_PROTOTYPES = YES;
				CLANG_WARN_SUSPICIOUS_MOVE = YES;
				CLANG_WARN_UNGUARDED_AVAILABILITY = YES_AGGRESSIVE;
				CLANG_WARN_UNREACHABLE_CODE = YES;
				CLANG_WARN__DUPLICATE_METHOD_MATCH = YES;
				COPY_PHASE_STRIP = NO;
				DEBUG_INFORMATION_FORMAT = dwarf;
				ENABLE_STRICT_OBJC_MSGSEND = YES;
				ENABLE_TESTABILITY = YES;
				GCC_C_LANGUAGE_STANDARD = gnu11;
				GCC_DYNAMIC_NO_PIC = NO;
				GCC_NO_COMMON_BLOCKS = YES;
				GCC_OPTIMIZATION_LEVEL = 0;
				GCC_PREPROCESSOR_DEFINITIONS = (
					"DEBUG=1",
					"$(inherited)",
				);
				GCC_WARN_64_TO_32_BIT_CONVERSION = YES;
				GCC_WARN_ABOUT_RETURN_TYPE = YES_ERROR;
				GCC_WARN_UNDECLARED_SELECTOR = YES;
				GCC_WARN_UNINITIALIZED_AUTOS = YES_AGGRESSIVE;
				GCC_WARN_UNUSED_FUNCTION = YES;
				GCC_WARN_UNUSED_VARIABLE = YES;
				IPHONEOS_DEPLOYMENT_TARGET = 14.4;
				MTL_ENABLE_DEBUG_INFO = INCLUDE_SOURCE;
				MTL_FAST_MATH = YES;
				ONLY_ACTIVE_ARCH = YES;
				SDKROOT = iphoneos;
				SWIFT_ACTIVE_COMPILATION_CONDITIONS = DEBUG;
				SWIFT_OPTIMIZATION_LEVEL = "-Onone";
			};
			name = Debug;
		};
		1CBD573D25CC9A3600241E92 /* Release */ = {
			isa = XCBuildConfiguration;
			buildSettings = {
				ALWAYS_SEARCH_USER_PATHS = NO;
				CLANG_ANALYZER_NONNULL = YES;
				CLANG_ANALYZER_NUMBER_OBJECT_CONVERSION = YES_AGGRESSIVE;
				CLANG_CXX_LANGUAGE_STANDARD = "gnu++14";
				CLANG_CXX_LIBRARY = "libc++";
				CLANG_ENABLE_MODULES = YES;
				CLANG_ENABLE_OBJC_ARC = YES;
				CLANG_ENABLE_OBJC_WEAK = YES;
				CLANG_WARN_BLOCK_CAPTURE_AUTORELEASING = YES;
				CLANG_WARN_BOOL_CONVERSION = YES;
				CLANG_WARN_COMMA = YES;
				CLANG_WARN_CONSTANT_CONVERSION = YES;
				CLANG_WARN_DEPRECATED_OBJC_IMPLEMENTATIONS = YES;
				CLANG_WARN_DIRECT_OBJC_ISA_USAGE = YES_ERROR;
				CLANG_WARN_DOCUMENTATION_COMMENTS = YES;
				CLANG_WARN_EMPTY_BODY = YES;
				CLANG_WARN_ENUM_CONVERSION = YES;
				CLANG_WARN_INFINITE_RECURSION = YES;
				CLANG_WARN_INT_CONVERSION = YES;
				CLANG_WARN_NON_LITERAL_NULL_CONVERSION = YES;
				CLANG_WARN_OBJC_IMPLICIT_RETAIN_SELF = YES;
				CLANG_WARN_OBJC_LITERAL_CONVERSION = YES;
				CLANG_WARN_OBJC_ROOT_CLASS = YES_ERROR;
				CLANG_WARN_QUOTED_INCLUDE_IN_FRAMEWORK_HEADER = YES;
				CLANG_WARN_RANGE_LOOP_ANALYSIS = YES;
				CLANG_WARN_STRICT_PROTOTYPES = YES;
				CLANG_WARN_SUSPICIOUS_MOVE = YES;
				CLANG_WARN_UNGUARDED_AVAILABILITY = YES_AGGRESSIVE;
				CLANG_WARN_UNREACHABLE_CODE = YES;
				CLANG_WARN__DUPLICATE_METHOD_MATCH = YES;
				COPY_PHASE_STRIP = NO;
				DEBUG_INFORMATION_FORMAT = "dwarf-with-dsym";
				ENABLE_NS_ASSERTIONS = NO;
				ENABLE_STRICT_OBJC_MSGSEND = YES;
				GCC_C_LANGUAGE_STANDARD = gnu11;
				GCC_NO_COMMON_BLOCKS = YES;
				GCC_WARN_64_TO_32_BIT_CONVERSION = YES;
				GCC_WARN_ABOUT_RETURN_TYPE = YES_ERROR;
				GCC_WARN_UNDECLARED_SELECTOR = YES;
				GCC_WARN_UNINITIALIZED_AUTOS = YES_AGGRESSIVE;
				GCC_WARN_UNUSED_FUNCTION = YES;
				GCC_WARN_UNUSED_VARIABLE = YES;
				IPHONEOS_DEPLOYMENT_TARGET = 14.4;
				MTL_ENABLE_DEBUG_INFO = NO;
				MTL_FAST_MATH = YES;
				SDKROOT = iphoneos;
				SWIFT_COMPILATION_MODE = wholemodule;
				SWIFT_OPTIMIZATION_LEVEL = "-O";
				VALIDATE_PRODUCT = YES;
			};
			name = Release;
		};
		1CBD573F25CC9A3600241E92 /* Debug */ = {
			isa = XCBuildConfiguration;
			buildSettings = {
				ASSETCATALOG_COMPILER_APPICON_NAME = AppIcon;
				ASSETCATALOG_COMPILER_GLOBAL_ACCENT_COLOR_NAME = AccentColor;
				CODE_SIGN_STYLE = Automatic;
				INFOPLIST_FILE = "Pre-work/Info.plist";
				LD_RUNPATH_SEARCH_PATHS = (
					"$(inherited)",
					"@executable_path/Frameworks",
				);
				PRODUCT_BUNDLE_IDENTIFIER = "memo.com.Pre-work";
				PRODUCT_NAME = "$(TARGET_NAME)";
				SWIFT_VERSION = 5.0;
				TARGETED_DEVICE_FAMILY = "1,2";
			};
			name = Debug;
		};
		1CBD574025CC9A3600241E92 /* Release */ = {
			isa = XCBuildConfiguration;
			buildSettings = {
				ASSETCATALOG_COMPILER_APPICON_NAME = AppIcon;
				ASSETCATALOG_COMPILER_GLOBAL_ACCENT_COLOR_NAME = AccentColor;
				CODE_SIGN_STYLE = Automatic;
				INFOPLIST_FILE = "Pre-work/Info.plist";
				LD_RUNPATH_SEARCH_PATHS = (
					"$(inherited)",
					"@executable_path/Frameworks",
				);
				PRODUCT_BUNDLE_IDENTIFIER = "memo.com.Pre-work";
				PRODUCT_NAME = "$(TARGET_NAME)";
				SWIFT_VERSION = 5.0;
				TARGETED_DEVICE_FAMILY = "1,2";
			};
			name = Release;
		};
		1CBD574225CC9A3600241E92 /* Debug */ = {
			isa = XCBuildConfiguration;
			buildSettings = {
				ALWAYS_EMBED_SWIFT_STANDARD_LIBRARIES = YES;
				BUNDLE_LOADER = "$(TEST_HOST)";
				CODE_SIGN_STYLE = Automatic;
				INFOPLIST_FILE = "Pre-workTests/Info.plist";
				IPHONEOS_DEPLOYMENT_TARGET = 14.4;
				LD_RUNPATH_SEARCH_PATHS = (
					"$(inherited)",
					"@executable_path/Frameworks",
					"@loader_path/Frameworks",
				);
				PRODUCT_BUNDLE_IDENTIFIER = "memo.com.Pre-workTests";
				PRODUCT_NAME = "$(TARGET_NAME)";
				SWIFT_VERSION = 5.0;
				TARGETED_DEVICE_FAMILY = "1,2";
				TEST_HOST = "$(BUILT_PRODUCTS_DIR)/Pre-work.app/Pre-work";
			};
			name = Debug;
		};
		1CBD574325CC9A3600241E92 /* Release */ = {
			isa = XCBuildConfiguration;
			buildSettings = {
				ALWAYS_EMBED_SWIFT_STANDARD_LIBRARIES = YES;
				BUNDLE_LOADER = "$(TEST_HOST)";
				CODE_SIGN_STYLE = Automatic;
				INFOPLIST_FILE = "Pre-workTests/Info.plist";
				IPHONEOS_DEPLOYMENT_TARGET = 14.4;
				LD_RUNPATH_SEARCH_PATHS = (
					"$(inherited)",
					"@executable_path/Frameworks",
					"@loader_path/Frameworks",
				);
				PRODUCT_BUNDLE_IDENTIFIER = "memo.com.Pre-workTests";
				PRODUCT_NAME = "$(TARGET_NAME)";
				SWIFT_VERSION = 5.0;
				TARGETED_DEVICE_FAMILY = "1,2";
				TEST_HOST = "$(BUILT_PRODUCTS_DIR)/Pre-work.app/Pre-work";
			};
			name = Release;
		};
		1CBD574525CC9A3600241E92 /* Debug */ = {
			isa = XCBuildConfiguration;
			buildSettings = {
				ALWAYS_EMBED_SWIFT_STANDARD_LIBRARIES = YES;
				CODE_SIGN_STYLE = Automatic;
				INFOPLIST_FILE = "Pre-workUITests/Info.plist";
				LD_RUNPATH_SEARCH_PATHS = (
					"$(inherited)",
					"@executable_path/Frameworks",
					"@loader_path/Frameworks",
				);
				PRODUCT_BUNDLE_IDENTIFIER = "memo.com.Pre-workUITests";
				PRODUCT_NAME = "$(TARGET_NAME)";
				SWIFT_VERSION = 5.0;
				TARGETED_DEVICE_FAMILY = "1,2";
				TEST_TARGET_NAME = "Pre-work";
			};
			name = Debug;
		};
		1CBD574625CC9A3600241E92 /* Release */ = {
			isa = XCBuildConfiguration;
			buildSettings = {
				ALWAYS_EMBED_SWIFT_STANDARD_LIBRARIES = YES;
				CODE_SIGN_STYLE = Automatic;
				INFOPLIST_FILE = "Pre-workUITests/Info.plist";
				LD_RUNPATH_SEARCH_PATHS = (
					"$(inherited)",
					"@executable_path/Frameworks",
					"@loader_path/Frameworks",
				);
				PRODUCT_BUNDLE_IDENTIFIER = "memo.com.Pre-workUITests";
				PRODUCT_NAME = "$(TARGET_NAME)";
				SWIFT_VERSION = 5.0;
				TARGETED_DEVICE_FAMILY = "1,2";
				TEST_TARGET_NAME = "Pre-work";
			};
			name = Release;
		};
/* End XCBuildConfiguration section */

/* Begin XCConfigurationList section */
		1CBD570F25CC9A3500241E92 /* Build configuration list for PBXProject "Pre-work" */ = {
			isa = XCConfigurationList;
			buildConfigurations = (
				1CBD573C25CC9A3600241E92 /* Debug */,
				1CBD573D25CC9A3600241E92 /* Release */,
			);
			defaultConfigurationIsVisible = 0;
			defaultConfigurationName = Release;
		};
		1CBD573E25CC9A3600241E92 /* Build configuration list for PBXNativeTarget "Pre-work" */ = {
			isa = XCConfigurationList;
			buildConfigurations = (
				1CBD573F25CC9A3600241E92 /* Debug */,
				1CBD574025CC9A3600241E92 /* Release */,
			);
			defaultConfigurationIsVisible = 0;
			defaultConfigurationName = Release;
		};
		1CBD574125CC9A3600241E92 /* Build configuration list for PBXNativeTarget "Pre-workTests" */ = {
			isa = XCConfigurationList;
			buildConfigurations = (
				1CBD574225CC9A3600241E92 /* Debug */,
				1CBD574325CC9A3600241E92 /* Release */,
			);
			defaultConfigurationIsVisible = 0;
			defaultConfigurationName = Release;
		};
		1CBD574425CC9A3600241E92 /* Build configuration list for PBXNativeTarget "Pre-workUITests" */ = {
			isa = XCConfigurationList;
			buildConfigurations = (
				1CBD574525CC9A3600241E92 /* Debug */,
				1CBD574625CC9A3600241E92 /* Release */,
			);
			defaultConfigurationIsVisible = 0;
			defaultConfigurationName = Release;
		};
/* End XCConfigurationList section */
	};
	rootObject = 1CBD570C25CC9A3500241E92 /* Project object */;
}
